
Microsoft Visual Studio Solution File, Format Version 12.00
# Visual Studio Version 17
VisualStudioVersion = 17.6.33801.468
MinimumVisualStudioVersion = 10.0.40219.1
Project("{9A19103F-16F7-4668-BE54-9A1E7A4F7556}") = "DeckOfPlayingCardsLibrary", "DeckOfCardsLibrary\DeckOfPlayingCardsLibrary.csproj", "{5AC2AF7B-FC35-4289-BA72-032C7720CE80}"
EndProject
Project("{9A19103F-16F7-4668-BE54-9A1E7A4F7556}") = "DeckOfPlayingCardsTests", "DeckOfCardsTests\DeckOfPlayingCardsTests.csproj", "{5EC6AF29-F937-4248-AA0E-B83439F3341D}"
EndProject
Project("{9A19103F-16F7-4668-BE54-9A1E7A4F7556}") = "DeckOfPlayingCardsDemo", "DeckOfCardsDemo\DeckOfPlayingCardsDemo.csproj", "{6BC906D0-FCB4-4ACF-8A56-8831009E688B}"
EndProject
Global
	GlobalSection(SolutionConfigurationPlatforms) = preSolution
		Debug|Any CPU = Debug|Any CPU
		Release|Any CPU = Release|Any CPU
	EndGlobalSection
	GlobalSection(ProjectConfigurationPlatforms) = postSolution
		{5AC2AF7B-FC35-4289-BA72-032C7720CE80}.Debug|Any CPU.ActiveCfg = Debug|Any CPU
		{5AC2AF7B-FC35-4289-BA72-032C7720CE80}.Debug|Any CPU.Build.0 = Debug|Any CPU
		{5AC2AF7B-FC35-4289-BA72-032C7720CE80}.Release|Any CPU.ActiveCfg = Release|Any CPU
		{5AC2AF7B-FC35-4289-BA72-032C7720CE80}.Release|Any CPU.Build.0 = Release|Any CPU
		{5EC6AF29-F937-4248-AA0E-B83439F3341D}.Debug|Any CPU.ActiveCfg = Debug|Any CPU
		{5EC6AF29-F937-4248-AA0E-B83439F3341D}.Debug|Any CPU.Build.0 = Debug|Any CPU
		{5EC6AF29-F937-4248-AA0E-B83439F3341D}.Release|Any CPU.ActiveCfg = Release|Any CPU
		{5EC6AF29-F937-4248-AA0E-B83439F3341D}.Release|Any CPU.Build.0 = Release|Any CPU
		{6BC906D0-FCB4-4ACF-8A56-8831009E688B}.Debug|Any CPU.ActiveCfg = Debug|Any CPU
		{6BC906D0-FCB4-4ACF-8A56-8831009E688B}.Debug|Any CPU.Build.0 = Debug|Any CPU
		{6BC906D0-FCB4-4ACF-8A56-8831009E688B}.Release|Any CPU.ActiveCfg = Release|Any CPU
		{6BC906D0-FCB4-4ACF-8A56-8831009E688B}.Release|Any CPU.Build.0 = Release|Any CPU
	EndGlobalSection
	GlobalSection(SolutionProperties) = preSolution
		HideSolutionNode = FALSE
	EndGlobalSection
	GlobalSection(ExtensibilityGlobals) = postSolution
		SolutionGuid = {FFD4F524-8A0B-45F6-B2AF-66156C2B8231}
	EndGlobalSection
EndGlobal
